
Microsoft Visual Studio Solution File, Format Version 12.00
# Visual Studio 15
VisualStudioVersion = 15.0.28307.168
MinimumVisualStudioVersion = 10.0.40219.1
Project("{FAE04EC0-301F-11D3-BF4B-00C04F79EFBC}") = "WPFPenDrawing", "WPFPenDrawing\WPFPenDrawing.csproj", "{532314C0-ED97-4319-9493-EBDFE3948A62}"
EndProject
Global
	GlobalSection(SolutionConfigurationPlatforms) = preSolution
		Debug|Any CPU = Debug|Any CPU
		Release|Any CPU = Release|Any CPU
	EndGlobalSection
	GlobalSection(ProjectConfigurationPlatforms) = postSolution
		{532314C0-ED97-4319-9493-EBDFE3948A62}.Debug|Any CPU.ActiveCfg = Debug|Any CPU
		{532314C0-ED97-4319-9493-EBDFE3948A62}.Debug|Any CPU.Build.0 = Debug|Any CPU
		{532314C0-ED97-4319-9493-EBDFE3948A62}.Release|Any CPU.ActiveCfg = Release|Any CPU
		{532314C0-ED97-4319-9493-EBDFE3948A62}.Release|Any CPU.Build.0 = Release|Any CPU
	EndGlobalSection
	GlobalSection(SolutionProperties) = preSolution
		HideSolutionNode = FALSE
	EndGlobalSection
	GlobalSection(ExtensibilityGlobals) = postSolution
		SolutionGuid = {A221758A-2918-4991-8C42-46684B1FE505}
	EndGlobalSection
EndGlobal
